
Microsoft Visual Studio Solution File, Format Version 12.00
# Visual Studio Version 17
VisualStudioVersion = 17.0.31903.59
MinimumVisualStudioVersion = 10.0.40219.1
Project("{2150E333-8FDC-42A3-9474-1A3956D46DE8}") = "src", "src", "{36B08519-6C81-4DB7-9D65-7C4D0A8F8025}"
EndProject
Project("{FAE04EC0-301F-11D3-BF4B-00C04F79EFBC}") = "Pbw.Core", "src\Pbw.Core\Pbw.Core.csproj", "{C9F26CAC-A44E-4B5A-BD2F-501C95C3244B}"
EndProject
Project("{FAE04EC0-301F-11D3-BF4B-00C04F79EFBC}") = "Pbw.Windows", "src\Pbw.Windows\Pbw.Windows.csproj", "{390E788F-CB15-4CF9-8D46-60E6C3CA2CD6}"
EndProject
Project("{FAE04EC0-301F-11D3-BF4B-00C04F79EFBC}") = "Pbw.Mcp", "src\Pbw.Mcp\Pbw.Mcp.csproj", "{A9D68030-0B66-460D-84A5-EB2DC663F2C5}"
EndProject
Project("{FAE04EC0-301F-11D3-BF4B-00C04F79EFBC}") = "Pbw.Cli", "src\Pbw.Cli\Pbw.Cli.csproj", "{BD07A2A7-6461-4EC0-9893-0FAD144BE1C9}"
EndProject
Project("{2150E333-8FDC-42A3-9474-1A3956D46DE8}") = "tests", "tests", "{9E0B7608-7FC6-4201-BFB5-B19E98124CED}"
EndProject
Project("{FAE04EC0-301F-11D3-BF4B-00C04F79EFBC}") = "Pbw.Tests", "tests\Pbw.Tests\Pbw.Tests.csproj", "{E429F998-F62E-4358-8FFF-E962C204844A}"
EndProject
Project("{FAE04EC0-301F-11D3-BF4B-00C04F79EFBC}") = "Pbw.TestHost", "tests\Pbw.TestHost\Pbw.TestHost.csproj", "{70A81954-495A-41B7-BB53-359E056B4EA3}"
EndProject
Global
	GlobalSection(SolutionConfigurationPlatforms) = preSolution
		Debug|Any CPU = Debug|Any CPU
		Release|Any CPU = Release|Any CPU
	EndGlobalSection
	GlobalSection(SolutionProperties) = preSolution
		HideSolutionNode = FALSE
	EndGlobalSection
	GlobalSection(ProjectConfigurationPlatforms) = postSolution
		{C9F26CAC-A44E-4B5A-BD2F-501C95C3244B}.Debug|Any CPU.ActiveCfg = Debug|Any CPU
		{C9F26CAC-A44E-4B5A-BD2F-501C95C3244B}.Debug|Any CPU.Build.0 = Debug|Any CPU
		{C9F26CAC-A44E-4B5A-BD2F-501C95C3244B}.Release|Any CPU.ActiveCfg = Release|Any CPU
		{C9F26CAC-A44E-4B5A-BD2F-501C95C3244B}.Release|Any CPU.Build.0 = Release|Any CPU
		{390E788F-CB15-4CF9-8D46-60E6C3CA2CD6}.Debug|Any CPU.ActiveCfg = Debug|Any CPU
		{390E788F-CB15-4CF9-8D46-60E6C3CA2CD6}.Debug|Any CPU.Build.0 = Debug|Any CPU
		{390E788F-CB15-4CF9-8D46-60E6C3CA2CD6}.Release|Any CPU.ActiveCfg = Release|Any CPU
		{390E788F-CB15-4CF9-8D46-60E6C3CA2CD6}.Release|Any CPU.Build.0 = Release|Any CPU
		{A9D68030-0B66-460D-84A5-EB2DC663F2C5}.Debug|Any CPU.ActiveCfg = Debug|Any CPU
		{A9D68030-0B66-460D-84A5-EB2DC663F2C5}.Debug|Any CPU.Build.0 = Debug|Any CPU
		{A9D68030-0B66-460D-84A5-EB2DC663F2C5}.Release|Any CPU.ActiveCfg = Release|Any CPU
		{A9D68030-0B66-460D-84A5-EB2DC663F2C5}.Release|Any CPU.Build.0 = Release|Any CPU
		{BD07A2A7-6461-4EC0-9893-0FAD144BE1C9}.Debug|Any CPU.ActiveCfg = Debug|Any CPU
		{BD07A2A7-6461-4EC0-9893-0FAD144BE1C9}.Debug|Any CPU.Build.0 = Debug|Any CPU
		{BD07A2A7-6461-4EC0-9893-0FAD144BE1C9}.Release|Any CPU.ActiveCfg = Release|Any CPU
		{BD07A2A7-6461-4EC0-9893-0FAD144BE1C9}.Release|Any CPU.Build.0 = Release|Any CPU
		{E429F998-F62E-4358-8FFF-E962C204844A}.Debug|Any CPU.ActiveCfg = Debug|Any CPU
		{E429F998-F62E-4358-8FFF-E962C204844A}.Debug|Any CPU.Build.0 = Debug|Any CPU
		{E429F998-F62E-4358-8FFF-E962C204844A}.Release|Any CPU.ActiveCfg = Release|Any CPU
		{E429F998-F62E-4358-8FFF-E962C204844A}.Release|Any CPU.Build.0 = Release|Any CPU
		{70A81954-495A-41B7-BB53-359E056B4EA3}.Debug|Any CPU.ActiveCfg = Debug|Any CPU
		{70A81954-495A-41B7-BB53-359E056B4EA3}.Debug|Any CPU.Build.0 = Debug|Any CPU
		{70A81954-495A-41B7-BB53-359E056B4EA3}.Release|Any CPU.ActiveCfg = Release|Any CPU
		{70A81954-495A-41B7-BB53-359E056B4EA3}.Release|Any CPU.Build.0 = Release|Any CPU
	EndGlobalSection
	GlobalSection(NestedProjects) = preSolution
		{C9F26CAC-A44E-4B5A-BD2F-501C95C3244B} = {36B08519-6C81-4DB7-9D65-7C4D0A8F8025}
		{390E788F-CB15-4CF9-8D46-60E6C3CA2CD6} = {36B08519-6C81-4DB7-9D65-7C4D0A8F8025}
		{A9D68030-0B66-460D-84A5-EB2DC663F2C5} = {36B08519-6C81-4DB7-9D65-7C4D0A8F8025}
		{BD07A2A7-6461-4EC0-9893-0FAD144BE1C9} = {36B08519-6C81-4DB7-9D65-7C4D0A8F8025}
		{E429F998-F62E-4358-8FFF-E962C204844A} = {9E0B7608-7FC6-4201-BFB5-B19E98124CED}
		{70A81954-495A-41B7-BB53-359E056B4EA3} = {9E0B7608-7FC6-4201-BFB5-B19E98124CED}
	EndGlobalSection
EndGlobal
